PODS:
  - AFNetworking (2.7.0):
    - AFNetworking/NSURLConnection (= 2.7.0)
    - AFNetworking/NSURLSession (= 2.7.0)
    - AFNetworking/Reachability (= 2.7.0)
    - AFNetworking/Security (= 2.7.0)
    - AFNetworking/Serialization (= 2.7.0)
    - AFNetworking/UIKit (= 2.7.0)
  - AFNetworking/NSURLConnection (2.7.0):
    - AFNetworking/Reachability
    - AFNetworking/Security
    - AFNetworking/Serialization
  - AFNetworking/NSURLSession (2.7.0):
    - AFNetworking/Reachability
    - AFNetworking/Security
    - AFNetworking/Serialization
  - AFNetworking/Reachability (2.7.0)
  - AFNetworking/Security (2.7.0)
  - AFNetworking/Serialization (2.7.0)
  - AFNetworking/UIKit (2.7.0):
    - AFNetworking/NSURLConnection
    - AFNetworking/NSURLSession
  - Masonry (1.1.0)
  - NWBase (0.0.1):
    - NWHome
    - NWMe
    - NWMessage
  - NWHome (0.1.0)
  - NWMe (0.1.0)
  - NWMessage (0.1.0)
  - NWScan (0.1.0)
  - NWSetting (0.1.0)
  - SDWebImage (5.2.5):
    - SDWebImage/Core (= 5.2.5)
  - SDWebImage/Core (5.2.5)

DEPENDENCIES:
  - AFNetworking (~> 2.0)
  - Masonry
  - NWBase (from `../NoWhiteModule/NWBase`)
  - NWHome (from `../NoWhiteModule/NWHome/NWHome`)
  - NWMe (from `../NoWhiteModule/NWMe/NWMe`)
  - NWMessage (from `../NoWhiteModule/NWMessage/NWMessage`)
  - NWScan (from `../NoWhiteModule/NWScan/NWScan`)
  - NWSetting (from `../NoWhiteModule/NWSetting/NWSetting`)
  - SDWebImage (~> 5.0)

SPEC REPOS:
  trunk:
    - AFNetworking
    - Masonry
    - SDWebImage

EXTERNAL SOURCES:
  NWBase:
    :path: "../NoWhiteModule/NWBase"
  NWHome:
    :path: "../NoWhiteModule/NWHome/NWHome"
  NWMe:
    :path: "../NoWhiteModule/NWMe/NWMe"
  NWMessage:
    :path: "../NoWhiteModule/NWMessage/NWMessage"
  NWScan:
    :path: "../NoWhiteModule/NWScan/NWScan"
  NWSetting:
    :path: "../NoWhiteModule/NWSetting/NWSetting"

SPEC CHECKSUMS:
  AFNetworking: 8dd5f9b9691e09186393069a12cc3b5ed7c8b511
  Masonry: 678fab65091a9290e40e2832a55e7ab731aad201
  NWBase: 135b45a50dd44d2f41ac3e1981c82faa0e14bd8d
  NWHome: 59c278989e35dc1f40ce833d7fb7937c957ead13
  NWMe: 304608e1948fb162c5c5f2fdac3f860dc52d4945
  NWMessage: f68a565838c6e649f54ce9e4ee36bc74ed8ef37c
  NWScan: 74bc9529817747f2f1aa93fb9ee4050c3394094b
  NWSetting: 8abf713a2262d6b675966aab24ae7c3cb58a1984
  SDWebImage: 4eabf2fa6695c95c47724214417a9c036c965e4a

PODFILE CHECKSUM: 162bf0d289ed0a7a0087bb00ffb1af4b3404c68c

COCOAPODS: 1.8.4
